
Microsoft Visual Studio Solution File, Format Version 12.00
# Visual Studio Version 16
VisualStudioVersion = 16.0.30413.136
MinimumVisualStudioVersion = 10.0.40219.1
Project("{FAE04EC0-301F-11D3-BF4B-00C04F79EFBC}") = "ConsoleApp1", "ConsoleApp1\ConsoleApp1.csproj", "{EB4913A7-C408-43E2-BD00-3FEBAADC2376}"
EndProject
Global
	GlobalSection(SolutionConfigurationPlatforms) = preSolution
		Debug|Any CPU = Debug|Any CPU
		Release|Any CPU = Release|Any CPU
	EndGlobalSection
	GlobalSection(ProjectConfigurationPlatforms) = postSolution
		{EB4913A7-C408-43E2-BD00-3FEBAADC2376}.Debug|Any CPU.ActiveCfg = Debug|Any CPU
		{EB4913A7-C408-43E2-BD00-3FEBAADC2376}.Debug|Any CPU.Build.0 = Debug|Any CPU
		{EB4913A7-C408-43E2-BD00-3FEBAADC2376}.Release|Any CPU.ActiveCfg = Release|Any CPU
		{EB4913A7-C408-43E2-BD00-3FEBAADC2376}.Release|Any CPU.Build.0 = Release|Any CPU
	EndGlobalSection
	GlobalSection(SolutionProperties) = preSolution
		HideSolutionNode = FALSE
	EndGlobalSection
	GlobalSection(ExtensibilityGlobals) = postSolution
		SolutionGuid = {5E92D8B1-3ABC-4E18-95A3-680BCC16EC0A}
	EndGlobalSection
EndGlobal
